
Microsoft Visual Studio Solution File, Format Version 12.00
# Visual Studio 15
VisualStudioVersion = 15.0.26228.9
MinimumVisualStudioVersion = 10.0.40219.1
Project("{FAE04EC0-301F-11D3-BF4B-00C04F79EFBC}") = "SupTree", "SupTree.csproj", "{E8DFDB8C-D9D0-4E96-BDEE-9F6109F56275}"
EndProject
Project("{FAE04EC0-301F-11D3-BF4B-00C04F79EFBC}") = "SupTree.Test", "..\SupTree.Test\SupTree.Test.csproj", "{0EBDAE56-8BC8-4DB9-8471-5D3755BAB142}"
EndProject
Project("{FAE04EC0-301F-11D3-BF4B-00C04F79EFBC}") = "SupTree.MSMQ", "..\SupTree.MSMQ\SupTree.MSMQ.csproj", "{3C976ED9-FEC4-4124-A359-9F257ACA3A8B}"
EndProject
Global
	GlobalSection(SolutionConfigurationPlatforms) = preSolution
		Debug|Any CPU = Debug|Any CPU
		Release|Any CPU = Release|Any CPU
	EndGlobalSection
	GlobalSection(ProjectConfigurationPlatforms) = postSolution
		{E8DFDB8C-D9D0-4E96-BDEE-9F6109F56275}.Debug|Any CPU.ActiveCfg = Debug|Any CPU
		{E8DFDB8C-D9D0-4E96-BDEE-9F6109F56275}.Debug|Any CPU.Build.0 = Debug|Any CPU
		{E8DFDB8C-D9D0-4E96-BDEE-9F6109F56275}.Release|Any CPU.ActiveCfg = Release|Any CPU
		{E8DFDB8C-D9D0-4E96-BDEE-9F6109F56275}.Release|Any CPU.Build.0 = Release|Any CPU
		{0EBDAE56-8BC8-4DB9-8471-5D3755BAB142}.Debug|Any CPU.ActiveCfg = Debug|Any CPU
		{0EBDAE56-8BC8-4DB9-8471-5D3755BAB142}.Debug|Any CPU.Build.0 = Debug|Any CPU
		{0EBDAE56-8BC8-4DB9-8471-5D3755BAB142}.Release|Any CPU.ActiveCfg = Release|Any CPU
		{0EBDAE56-8BC8-4DB9-8471-5D3755BAB142}.Release|Any CPU.Build.0 = Release|Any CPU
		{3C976ED9-FEC4-4124-A359-9F257ACA3A8B}.Debug|Any CPU.ActiveCfg = Debug|Any CPU
		{3C976ED9-FEC4-4124-A359-9F257ACA3A8B}.Debug|Any CPU.Build.0 = Debug|Any CPU
		{3C976ED9-FEC4-4124-A359-9F257ACA3A8B}.Release|Any CPU.ActiveCfg = Release|Any CPU
		{3C976ED9-FEC4-4124-A359-9F257ACA3A8B}.Release|Any CPU.Build.0 = Release|Any CPU
	EndGlobalSection
	GlobalSection(SolutionProperties) = preSolution
		HideSolutionNode = FALSE
	EndGlobalSection
EndGlobal
